<?xml version="1.0" encoding="utf-8"?>
<Project ToolsVersion="4.0" xmlns="http://schemas.microsoft.com/developer/msbuild/2003">
  <ItemGroup>
    <Filter Include="Source Files">
      <UniqueIdentifier>{4FC737F1-C7A5-4376-A066-2A32D752A2FF}</UniqueIdentifier>
      <Extensions>cpp;c;cc;cxx;def;odl;idl;hpj;bat;asm;asmx</Extensions>
    </Filter>
    <Filter Include="Header Files">
      <UniqueIdentifier>{93995380-89BD-4b04-88EB-625FBE52EBFB}</UniqueIdentifier>
      <Extensions>h;hpp;hxx;hm;inl;inc;xsd</Extensions>
    </Filter>
    <Filter Include="Resource Files">
      <UniqueIdentifier>{67DA6AB6-F800-4c08-8B7A-83BB121AAD01}</UniqueIdentifier>
      <Extensions>rc;ico;cur;bmp;dlg;rc2;rct;bin;rgs;gif;jpg;jpeg;jpe;resx;tiff;tif;png;wav;mfcribbon-ms</Extensions>
    </Filter>
  </ItemGroup>
  <ItemGroup>
    <ClInclude Include="glaux.h">
      <Filter>Header Files</Filter>
    </ClInclude>
    <ClInclude Include="glut.h">
      <Filter>Header Files</Filter>
    </ClInclude>
    <ClInclude Include="bitmap_loader.h">
      <Filter>Header Files</Filter>
    </ClInclude>
    <ClInclude Include="stb_image.h">
      <Filter>Header Files</Filter>
    </ClInclude>
    <ClInclude Include="..\..\..\..\..\iGraphics\iGraphics.h">
      <Filter>Header Files</Filter>
    </ClInclude>
  </ItemGroup>
  <ItemGroup>
    <ClCompile Include="iMain.cpp">
      <Filter>Source Files</Filter>
    </ClCompile>
  </ItemGroup>
  <ItemGroup>
    <None Include="..\..\..\..\..\iGraphics\background.bmp">
      <Filter>Resource Files</Filter>
    </None>
    <None Include="..\..\..\..\..\iGraphics\bomb.bmp">
      <Filter>Resource Files</Filter>
    </None>
    <None Include="..\..\..\..\..\iGraphics\credits.bmp">
      <Filter>Resource Files</Filter>
    </None>
    <None Include="..\..\..\..\..\iGraphics\dim.bmp">
      <Filter>Resource Files</Filter>
    </None>
    <None Include="..\..\..\..\..\iGraphics\fataBomb.bmp">
      <Filter>Resource Files</Filter>
    </None>
    <None Include="..\..\..\..\..\iGraphics\fatadim.bmp">
      <Filter>Resource Files</Filter>
    </None>
    <None Include="..\..\..\..\..\iGraphics\gameOver1.bmp">
      <Filter>Resource Files</Filter>
    </None>
    <None Include="..\..\..\..\..\iGraphics\gameOver2.bmp">
      <Filter>Resource Files</Filter>
    </None>
    <None Include="..\..\..\..\..\iGraphics\gameOverButtons.bmp">
      <Filter>Resource Files</Filter>
    </None>
    <None Include="..\..\..\..\..\iGraphics\girl.bmp">
      <Filter>Resource Files</Filter>
    </None>
    <None Include="..\..\..\..\..\iGraphics\Happy_Background_Music.wav">
      <Filter>Resource Files</Filter>
    </None>
    <None Include="..\..\..\..\..\iGraphics\helpMenuForMainMenu.bmp">
      <Filter>Resource Files</Filter>
    </None>
    <None Include="..\..\..\..\..\iGraphics\Highscore.txt">
      <Filter>Resource Files</Filter>
    </None>
    <None Include="..\..\..\..\..\iGraphics\HighScoreBoard.bmp">
      <Filter>Resource Files</Filter>
    </None>
    <None Include="..\..\..\..\..\iGraphics\hlpMenu.bmp">
      <Filter>Resource Files</Filter>
    </None>
    <None Include="..\..\..\..\..\iGraphics\jhuri.bmp">
      <Filter>Resource Files</Filter>
    </None>
    <None Include="..\..\..\..\..\iGraphics\Menu.bmp">
      <Filter>Resource Files</Filter>
    </None>
    <None Include="..\..\..\..\..\iGraphics\nDim.bmp">
      <Filter>Resource Files</Filter>
    </None>
    <None Include="..\..\..\..\..\iGraphics\oneLives.bmp">
      <Filter>Resource Files</Filter>
    </None>
    <None Include="..\..\..\..\..\iGraphics\pauseMenuTemp.bmp">
      <Filter>Resource Files</Filter>
    </None>
    <None Include="..\..\..\..\..\iGraphics\scoreBoard.bmp">
      <Filter>Resource Files</Filter>
    </None>
    <None Include="..\..\..\..\..\iGraphics\smurf.bmp">
      <Filter>Resource Files</Filter>
    </None>
    <None Include="..\..\..\..\..\iGraphics\threeLives.bmp">
      <Filter>Resource Files</Filter>
    </None>
    <None Include="..\..\..\..\..\iGraphics\twoLives.bmp">
      <Filter>Resource Files</Filter>
    </None>
  </ItemGroup>
</Project>